
Microsoft Visual Studio Solution File, Format Version 12.00
# Visual Studio Version 17
VisualStudioVersion = 17.4.33205.214
MinimumVisualStudioVersion = 10.0.40219.1
Project("{FAE04EC0-301F-11D3-BF4B-00C04F79EFBC}") = "Lesson", "Lesson\Lesson.csproj", "{11C37821-B17E-42B3-B7A7-3C9565D5A5DA}"
EndProject
Global
	GlobalSection(SolutionConfigurationPlatforms) = preSolution
		Debug|Any CPU = Debug|Any CPU
		Release|Any CPU = Release|Any CPU
	EndGlobalSection
	GlobalSection(ProjectConfigurationPlatforms) = postSolution
		{11C37821-B17E-42B3-B7A7-3C9565D5A5DA}.Debug|Any CPU.ActiveCfg = Debug|Any CPU
		{11C37821-B17E-42B3-B7A7-3C9565D5A5DA}.Debug|Any CPU.Build.0 = Debug|Any CPU
		{11C37821-B17E-42B3-B7A7-3C9565D5A5DA}.Release|Any CPU.ActiveCfg = Release|Any CPU
		{11C37821-B17E-42B3-B7A7-3C9565D5A5DA}.Release|Any CPU.Build.0 = Release|Any CPU
	EndGlobalSection
	GlobalSection(SolutionProperties) = preSolution
		HideSolutionNode = FALSE
	EndGlobalSection
	GlobalSection(ExtensibilityGlobals) = postSolution
		SolutionGuid = {454269A5-E0B8-4F17-BB68-CCF8273B6AA9}
	EndGlobalSection
EndGlobal
